github.com/digitorus/pdf v0.1.2 h1:RjYEJNbiV6Kcn8QzRi6pwHuOaSieUUrg4EZo4b7KuIQ=
github.com/digitorus/pdf v0.1.2/go.mod h1:05fDDJhPswBRM7GTfqCxNiDyeNcN0f+IobfOAl5pdXw=
github.com/digitorus/pdfsign v0.0.0-20240812181719-7861fe1bb260 h1:QPrQUlp8gWcgIJwspvN6y0RVE3WJL+y9wR/G19WUPV4=
github.com/digitorus/pdfsign v0.0.0-20240812181719-7861fe1bb260/go.mod h1:QHzG88KUxuZ5BpRWmD8LmmejQ8qTJ+MLegTAhtX/A4U=
github.com/digitorus/pkcs7 v0.0.0-20221019075359-21b8b40e6bb4/go.mod h1:SKVExuS+vpu2l9IoOc0RwqE7NYnb0JlcFHFnEJkVDzc=
github.com/digitorus/pkcs7 v0.0.0-20230220124406-51331ccfc40f h1:AoHV/iJ6LjW24bRWrg0zm1xD3Uh83PlNSK0QWH11J0E=
github.com/digitorus/pkcs7 v0.0.0-20230220124406-51331ccfc40f/go.mod h1:SKVExuS+vpu2l9IoOc0RwqE7NYnb0JlcFHFnEJkVDzc=
github.com/digitorus/timestamp v0.0.0-20230220124323-d542479a2425 h1:cbnavmdMqZ3b4hcCxizSO/jO+BxyXp/hU9jyzULJ9g8=
github.com/digitorus/timestamp v0.0.0-20230220124323-d542479a2425/go.mod h1:6V2ND8Yf8TOJ4h+9pmUlx8kXvNLBB2QplToVVZQ3rF0=
github.com/mattetti/filebuffer v1.0.1 h1:gG7pyfnSIZCxdoKq+cPa8T0hhYtD9NxCdI4D7PTjRLM=
github.com/mattetti/filebuffer v1.0.1/go.mod h1:YdMURNDOttIiruleeVr6f56OrMc+MydEnTcXwtkxNVs=
golang.org/x/crypto v0.26.0 h1:RrRspgV4mU+YwB4FYnuBoKsUapNIL5cohGAmSH3azsw=
golang.org/x/crypto v0.26.0/go.mod h1:GY7jblb9wI+FOo5y8/S2oY4zWP07AkOJ4+jxCqdqn54=
golang.org/x/text v0.17.0 h1:XtiM5bkSOt+ewxlOE/aE/AKEHibwj/6gvWMl9Rsh0Qc=
golang.org/x/text v0.17.0/go.mod h1:BuEKDfySbSR4drPmRPG/7iBdf8hvFMuRexcpahXilzY=
software.sslmate.com/src/go-pkcs12 v0.4.0 h1:H2g08FrTvSFKUj+D309j1DPfk5APnIdAQAB8aEykJ5k=
software.sslmate.com/src/go-pkcs12 v0.4.0/go.mod h1:Qiz0EyvDRJjjxGyUQa2cCNZn/wMyzrRJ/qcDXOQazLI=
